
Microsoft Visual Studio Solution File, Format Version 12.00
# TcXaeShell Solution File, Format Version 11.00
VisualStudioVersion = 15.0.28307.1300
MinimumVisualStudioVersion = 10.0.40219.1
Project("{B1E792BE-AA5F-4E3C-8C82-674BF9C0715B}") = "TF7xxx_KeyPointMatching", "Sample_KeyPointMatching\TF7xxx_KeyPointMatching.tsproj", "{AC8BE0D0-111A-4CA0-A120-560942605F20}"
EndProject
Global
	GlobalSection(SolutionConfigurationPlatforms) = preSolution
		Debug|TwinCAT CE7 (ARMV7) = Debug|TwinCAT CE7 (ARMV7)
		Debug|TwinCAT OS (ARMT2) = Debug|TwinCAT OS (ARMT2)
		Debug|TwinCAT RT (x64) = Debug|TwinCAT RT (x64)
		Debug|TwinCAT RT (x86) = Debug|TwinCAT RT (x86)
		Release|TwinCAT CE7 (ARMV7) = Release|TwinCAT CE7 (ARMV7)
		Release|TwinCAT OS (ARMT2) = Release|TwinCAT OS (ARMT2)
		Release|TwinCAT RT (x64) = Release|TwinCAT RT (x64)
		Release|TwinCAT RT (x86) = Release|TwinCAT RT (x86)
	EndGlobalSection
	GlobalSection(ProjectConfigurationPlatforms) = postSolution
		{AC8BE0D0-111A-4CA0-A120-560942605F20}.Debug|TwinCAT CE7 (ARMV7).ActiveCfg = Debug|TwinCAT CE7 (ARMV7)
		{AC8BE0D0-111A-4CA0-A120-560942605F20}.Debug|TwinCAT CE7 (ARMV7).Build.0 = Debug|TwinCAT CE7 (ARMV7)
		{AC8BE0D0-111A-4CA0-A120-560942605F20}.Debug|TwinCAT OS (ARMT2).ActiveCfg = Debug|TwinCAT OS (ARMT2)
		{AC8BE0D0-111A-4CA0-A120-560942605F20}.Debug|TwinCAT OS (ARMT2).Build.0 = Debug|TwinCAT OS (ARMT2)
		{AC8BE0D0-111A-4CA0-A120-560942605F20}.Debug|TwinCAT RT (x64).ActiveCfg = Debug|TwinCAT RT (x64)
		{AC8BE0D0-111A-4CA0-A120-560942605F20}.Debug|TwinCAT RT (x64).Build.0 = Debug|TwinCAT RT (x64)
		{AC8BE0D0-111A-4CA0-A120-560942605F20}.Debug|TwinCAT RT (x86).ActiveCfg = Debug|TwinCAT RT (x86)
		{AC8BE0D0-111A-4CA0-A120-560942605F20}.Debug|TwinCAT RT (x86).Build.0 = Debug|TwinCAT RT (x86)
		{AC8BE0D0-111A-4CA0-A120-560942605F20}.Release|TwinCAT CE7 (ARMV7).ActiveCfg = Release|TwinCAT CE7 (ARMV7)
		{AC8BE0D0-111A-4CA0-A120-560942605F20}.Release|TwinCAT CE7 (ARMV7).Build.0 = Release|TwinCAT CE7 (ARMV7)
		{AC8BE0D0-111A-4CA0-A120-560942605F20}.Release|TwinCAT OS (ARMT2).ActiveCfg = Release|TwinCAT OS (ARMT2)
		{AC8BE0D0-111A-4CA0-A120-560942605F20}.Release|TwinCAT OS (ARMT2).Build.0 = Release|TwinCAT OS (ARMT2)
		{AC8BE0D0-111A-4CA0-A120-560942605F20}.Release|TwinCAT RT (x64).ActiveCfg = Release|TwinCAT RT (x64)
		{AC8BE0D0-111A-4CA0-A120-560942605F20}.Release|TwinCAT RT (x64).Build.0 = Release|TwinCAT RT (x64)
		{AC8BE0D0-111A-4CA0-A120-560942605F20}.Release|TwinCAT RT (x86).ActiveCfg = Release|TwinCAT RT (x86)
		{AC8BE0D0-111A-4CA0-A120-560942605F20}.Release|TwinCAT RT (x86).Build.0 = Release|TwinCAT RT (x86)
		{15F7DB70-CF35-4DC6-81E6-F4D89970FFB0}.Debug|TwinCAT CE7 (ARMV7).ActiveCfg = Debug|TwinCAT CE7 (ARMV7)
		{15F7DB70-CF35-4DC6-81E6-F4D89970FFB0}.Debug|TwinCAT CE7 (ARMV7).Build.0 = Debug|TwinCAT CE7 (ARMV7)
		{15F7DB70-CF35-4DC6-81E6-F4D89970FFB0}.Debug|TwinCAT OS (ARMT2).ActiveCfg = Debug|TwinCAT OS (ARMT2)
		{15F7DB70-CF35-4DC6-81E6-F4D89970FFB0}.Debug|TwinCAT OS (ARMT2).Build.0 = Debug|TwinCAT OS (ARMT2)
		{15F7DB70-CF35-4DC6-81E6-F4D89970FFB0}.Debug|TwinCAT RT (x64).ActiveCfg = Debug|TwinCAT RT (x64)
		{15F7DB70-CF35-4DC6-81E6-F4D89970FFB0}.Debug|TwinCAT RT (x64).Build.0 = Debug|TwinCAT RT (x64)
		{15F7DB70-CF35-4DC6-81E6-F4D89970FFB0}.Debug|TwinCAT RT (x86).ActiveCfg = Debug|TwinCAT RT (x86)
		{15F7DB70-CF35-4DC6-81E6-F4D89970FFB0}.Debug|TwinCAT RT (x86).Build.0 = Debug|TwinCAT RT (x86)
		{15F7DB70-CF35-4DC6-81E6-F4D89970FFB0}.Release|TwinCAT CE7 (ARMV7).ActiveCfg = Release|TwinCAT CE7 (ARMV7)
		{15F7DB70-CF35-4DC6-81E6-F4D89970FFB0}.Release|TwinCAT CE7 (ARMV7).Build.0 = Release|TwinCAT CE7 (ARMV7)
		{15F7DB70-CF35-4DC6-81E6-F4D89970FFB0}.Release|TwinCAT OS (ARMT2).ActiveCfg = Release|TwinCAT OS (ARMT2)
		{15F7DB70-CF35-4DC6-81E6-F4D89970FFB0}.Release|TwinCAT OS (ARMT2).Build.0 = Release|TwinCAT OS (ARMT2)
		{15F7DB70-CF35-4DC6-81E6-F4D89970FFB0}.Release|TwinCAT RT (x64).ActiveCfg = Release|TwinCAT RT (x64)
		{15F7DB70-CF35-4DC6-81E6-F4D89970FFB0}.Release|TwinCAT RT (x64).Build.0 = Release|TwinCAT RT (x64)
		{15F7DB70-CF35-4DC6-81E6-F4D89970FFB0}.Release|TwinCAT RT (x86).ActiveCfg = Release|TwinCAT RT (x86)
		{15F7DB70-CF35-4DC6-81E6-F4D89970FFB0}.Release|TwinCAT RT (x86).Build.0 = Release|TwinCAT RT (x86)
	EndGlobalSection
	GlobalSection(SolutionProperties) = preSolution
		HideSolutionNode = FALSE
	EndGlobalSection
	GlobalSection(ExtensibilityGlobals) = postSolution
		SolutionGuid = {02A081D7-EE9F-433B-8910-AC3E6DBDE137}
	EndGlobalSection
EndGlobal
