
Microsoft Visual Studio Solution File, Format Version 12.00
# TcXaeShell Solution File, Format Version 11.00
VisualStudioVersion = 15.0.28010.2050
MinimumVisualStudioVersion = 10.0.40219.1
Project("{B1E792BE-AA5F-4E3C-8C82-674BF9C0715B}") = "Sample_MatchContours", "Sample_MatchContours\Sample_MatchContours.tsproj", "{BAFAA554-9D6C-4392-A277-64A5C3BF35F0}"
EndProject
Global
	GlobalSection(SolutionConfigurationPlatforms) = preSolution
		Debug|TwinCAT CE7 (ARMV7) = Debug|TwinCAT CE7 (ARMV7)
		Debug|TwinCAT OS (ARMT2) = Debug|TwinCAT OS (ARMT2)
		Debug|TwinCAT RT (x64) = Debug|TwinCAT RT (x64)
		Debug|TwinCAT RT (x86) = Debug|TwinCAT RT (x86)
		Release|TwinCAT CE7 (ARMV7) = Release|TwinCAT CE7 (ARMV7)
		Release|TwinCAT OS (ARMT2) = Release|TwinCAT OS (ARMT2)
		Release|TwinCAT RT (x64) = Release|TwinCAT RT (x64)
		Release|TwinCAT RT (x86) = Release|TwinCAT RT (x86)
	EndGlobalSection
	GlobalSection(ProjectConfigurationPlatforms) = postSolution
		{BAFAA554-9D6C-4392-A277-64A5C3BF35F0}.Debug|TwinCAT CE7 (ARMV7).ActiveCfg = Debug|TwinCAT CE7 (ARMV7)
		{BAFAA554-9D6C-4392-A277-64A5C3BF35F0}.Debug|TwinCAT CE7 (ARMV7).Build.0 = Debug|TwinCAT CE7 (ARMV7)
		{BAFAA554-9D6C-4392-A277-64A5C3BF35F0}.Debug|TwinCAT OS (ARMT2).ActiveCfg = Debug|TwinCAT OS (ARMT2)
		{BAFAA554-9D6C-4392-A277-64A5C3BF35F0}.Debug|TwinCAT OS (ARMT2).Build.0 = Debug|TwinCAT OS (ARMT2)
		{BAFAA554-9D6C-4392-A277-64A5C3BF35F0}.Debug|TwinCAT RT (x64).ActiveCfg = Debug|TwinCAT RT (x64)
		{BAFAA554-9D6C-4392-A277-64A5C3BF35F0}.Debug|TwinCAT RT (x64).Build.0 = Debug|TwinCAT RT (x64)
		{BAFAA554-9D6C-4392-A277-64A5C3BF35F0}.Debug|TwinCAT RT (x86).ActiveCfg = Debug|TwinCAT RT (x86)
		{BAFAA554-9D6C-4392-A277-64A5C3BF35F0}.Debug|TwinCAT RT (x86).Build.0 = Debug|TwinCAT RT (x86)
		{BAFAA554-9D6C-4392-A277-64A5C3BF35F0}.Release|TwinCAT CE7 (ARMV7).ActiveCfg = Release|TwinCAT CE7 (ARMV7)
		{BAFAA554-9D6C-4392-A277-64A5C3BF35F0}.Release|TwinCAT CE7 (ARMV7).Build.0 = Release|TwinCAT CE7 (ARMV7)
		{BAFAA554-9D6C-4392-A277-64A5C3BF35F0}.Release|TwinCAT OS (ARMT2).ActiveCfg = Release|TwinCAT OS (ARMT2)
		{BAFAA554-9D6C-4392-A277-64A5C3BF35F0}.Release|TwinCAT OS (ARMT2).Build.0 = Release|TwinCAT OS (ARMT2)
		{BAFAA554-9D6C-4392-A277-64A5C3BF35F0}.Release|TwinCAT RT (x64).ActiveCfg = Release|TwinCAT RT (x64)
		{BAFAA554-9D6C-4392-A277-64A5C3BF35F0}.Release|TwinCAT RT (x64).Build.0 = Release|TwinCAT RT (x64)
		{BAFAA554-9D6C-4392-A277-64A5C3BF35F0}.Release|TwinCAT RT (x86).ActiveCfg = Release|TwinCAT RT (x86)
		{BAFAA554-9D6C-4392-A277-64A5C3BF35F0}.Release|TwinCAT RT (x86).Build.0 = Release|TwinCAT RT (x86)
		{C48BE0B1-6D08-4DBA-9CDC-0DECD887EC1F}.Debug|TwinCAT CE7 (ARMV7).ActiveCfg = Debug|TwinCAT CE7 (ARMV7)
		{C48BE0B1-6D08-4DBA-9CDC-0DECD887EC1F}.Debug|TwinCAT CE7 (ARMV7).Build.0 = Debug|TwinCAT CE7 (ARMV7)
		{C48BE0B1-6D08-4DBA-9CDC-0DECD887EC1F}.Debug|TwinCAT OS (ARMT2).ActiveCfg = Debug|TwinCAT OS (ARMT2)
		{C48BE0B1-6D08-4DBA-9CDC-0DECD887EC1F}.Debug|TwinCAT OS (ARMT2).Build.0 = Debug|TwinCAT OS (ARMT2)
		{C48BE0B1-6D08-4DBA-9CDC-0DECD887EC1F}.Debug|TwinCAT RT (x64).ActiveCfg = Debug|TwinCAT RT (x64)
		{C48BE0B1-6D08-4DBA-9CDC-0DECD887EC1F}.Debug|TwinCAT RT (x64).Build.0 = Debug|TwinCAT RT (x64)
		{C48BE0B1-6D08-4DBA-9CDC-0DECD887EC1F}.Debug|TwinCAT RT (x86).ActiveCfg = Debug|TwinCAT RT (x86)
		{C48BE0B1-6D08-4DBA-9CDC-0DECD887EC1F}.Debug|TwinCAT RT (x86).Build.0 = Debug|TwinCAT RT (x86)
		{C48BE0B1-6D08-4DBA-9CDC-0DECD887EC1F}.Release|TwinCAT CE7 (ARMV7).ActiveCfg = Release|TwinCAT CE7 (ARMV7)
		{C48BE0B1-6D08-4DBA-9CDC-0DECD887EC1F}.Release|TwinCAT CE7 (ARMV7).Build.0 = Release|TwinCAT CE7 (ARMV7)
		{C48BE0B1-6D08-4DBA-9CDC-0DECD887EC1F}.Release|TwinCAT OS (ARMT2).ActiveCfg = Release|TwinCAT OS (ARMT2)
		{C48BE0B1-6D08-4DBA-9CDC-0DECD887EC1F}.Release|TwinCAT OS (ARMT2).Build.0 = Release|TwinCAT OS (ARMT2)
		{C48BE0B1-6D08-4DBA-9CDC-0DECD887EC1F}.Release|TwinCAT RT (x64).ActiveCfg = Release|TwinCAT RT (x64)
		{C48BE0B1-6D08-4DBA-9CDC-0DECD887EC1F}.Release|TwinCAT RT (x64).Build.0 = Release|TwinCAT RT (x64)
		{C48BE0B1-6D08-4DBA-9CDC-0DECD887EC1F}.Release|TwinCAT RT (x86).ActiveCfg = Release|TwinCAT RT (x86)
		{C48BE0B1-6D08-4DBA-9CDC-0DECD887EC1F}.Release|TwinCAT RT (x86).Build.0 = Release|TwinCAT RT (x86)
	EndGlobalSection
	GlobalSection(SolutionProperties) = preSolution
		HideSolutionNode = FALSE
	EndGlobalSection
	GlobalSection(ExtensibilityGlobals) = postSolution
		SolutionGuid = {A92EC1FC-D101-4243-BE91-675565A97357}
	EndGlobalSection
EndGlobal
