
Microsoft Visual Studio Solution File, Format Version 12.00
# Visual Studio Version 16
VisualStudioVersion = 16.0.34601.136
MinimumVisualStudioVersion = 10.0.40219.1
Project("{B1E792BE-AA5F-4E3C-8C82-674BF9C0715B}") = "Sample_CodeQuality", "Sample_CodeQuality\Sample_CodeQuality.tsproj", "{1C724F95-CAFA-4A81-BD10-A10A2D5EA977}"
EndProject
Global
	GlobalSection(SolutionConfigurationPlatforms) = preSolution
		Debug|TwinCAT CE7 (ARMV7) = Debug|TwinCAT CE7 (ARMV7)
		Debug|TwinCAT OS (ARMT2) = Debug|TwinCAT OS (ARMT2)
		Debug|TwinCAT RT (x64) = Debug|TwinCAT RT (x64)
		Debug|TwinCAT RT (x86) = Debug|TwinCAT RT (x86)
		Release|TwinCAT CE7 (ARMV7) = Release|TwinCAT CE7 (ARMV7)
		Release|TwinCAT OS (ARMT2) = Release|TwinCAT OS (ARMT2)
		Release|TwinCAT RT (x64) = Release|TwinCAT RT (x64)
		Release|TwinCAT RT (x86) = Release|TwinCAT RT (x86)
	EndGlobalSection
	GlobalSection(ProjectConfigurationPlatforms) = postSolution
		{1C724F95-CAFA-4A81-BD10-A10A2D5EA977}.Debug|TwinCAT CE7 (ARMV7).ActiveCfg = Debug|TwinCAT CE7 (ARMV7)
		{1C724F95-CAFA-4A81-BD10-A10A2D5EA977}.Debug|TwinCAT CE7 (ARMV7).Build.0 = Debug|TwinCAT CE7 (ARMV7)
		{1C724F95-CAFA-4A81-BD10-A10A2D5EA977}.Debug|TwinCAT OS (ARMT2).ActiveCfg = Debug|TwinCAT OS (ARMT2)
		{1C724F95-CAFA-4A81-BD10-A10A2D5EA977}.Debug|TwinCAT OS (ARMT2).Build.0 = Debug|TwinCAT OS (ARMT2)
		{1C724F95-CAFA-4A81-BD10-A10A2D5EA977}.Debug|TwinCAT RT (x64).ActiveCfg = Debug|TwinCAT RT (x64)
		{1C724F95-CAFA-4A81-BD10-A10A2D5EA977}.Debug|TwinCAT RT (x64).Build.0 = Debug|TwinCAT RT (x64)
		{1C724F95-CAFA-4A81-BD10-A10A2D5EA977}.Debug|TwinCAT RT (x86).ActiveCfg = Debug|TwinCAT RT (x86)
		{1C724F95-CAFA-4A81-BD10-A10A2D5EA977}.Debug|TwinCAT RT (x86).Build.0 = Debug|TwinCAT RT (x86)
		{1C724F95-CAFA-4A81-BD10-A10A2D5EA977}.Release|TwinCAT CE7 (ARMV7).ActiveCfg = Release|TwinCAT CE7 (ARMV7)
		{1C724F95-CAFA-4A81-BD10-A10A2D5EA977}.Release|TwinCAT CE7 (ARMV7).Build.0 = Release|TwinCAT CE7 (ARMV7)
		{1C724F95-CAFA-4A81-BD10-A10A2D5EA977}.Release|TwinCAT OS (ARMT2).ActiveCfg = Release|TwinCAT OS (ARMT2)
		{1C724F95-CAFA-4A81-BD10-A10A2D5EA977}.Release|TwinCAT OS (ARMT2).Build.0 = Release|TwinCAT OS (ARMT2)
		{1C724F95-CAFA-4A81-BD10-A10A2D5EA977}.Release|TwinCAT RT (x64).ActiveCfg = Release|TwinCAT RT (x64)
		{1C724F95-CAFA-4A81-BD10-A10A2D5EA977}.Release|TwinCAT RT (x64).Build.0 = Release|TwinCAT RT (x64)
		{1C724F95-CAFA-4A81-BD10-A10A2D5EA977}.Release|TwinCAT RT (x86).ActiveCfg = Release|TwinCAT RT (x86)
		{1C724F95-CAFA-4A81-BD10-A10A2D5EA977}.Release|TwinCAT RT (x86).Build.0 = Release|TwinCAT RT (x86)
		{B8C9CF43-9C38-4F95-8805-850B5A3A497C}.Debug|TwinCAT CE7 (ARMV7).ActiveCfg = Debug|TwinCAT CE7 (ARMV7)
		{B8C9CF43-9C38-4F95-8805-850B5A3A497C}.Debug|TwinCAT CE7 (ARMV7).Build.0 = Debug|TwinCAT CE7 (ARMV7)
		{B8C9CF43-9C38-4F95-8805-850B5A3A497C}.Debug|TwinCAT OS (ARMT2).ActiveCfg = Debug|TwinCAT OS (ARMT2)
		{B8C9CF43-9C38-4F95-8805-850B5A3A497C}.Debug|TwinCAT OS (ARMT2).Build.0 = Debug|TwinCAT OS (ARMT2)
		{B8C9CF43-9C38-4F95-8805-850B5A3A497C}.Debug|TwinCAT RT (x64).ActiveCfg = Debug|TwinCAT RT (x64)
		{B8C9CF43-9C38-4F95-8805-850B5A3A497C}.Debug|TwinCAT RT (x64).Build.0 = Debug|TwinCAT RT (x64)
		{B8C9CF43-9C38-4F95-8805-850B5A3A497C}.Debug|TwinCAT RT (x86).ActiveCfg = Debug|TwinCAT RT (x86)
		{B8C9CF43-9C38-4F95-8805-850B5A3A497C}.Debug|TwinCAT RT (x86).Build.0 = Debug|TwinCAT RT (x86)
		{B8C9CF43-9C38-4F95-8805-850B5A3A497C}.Release|TwinCAT CE7 (ARMV7).ActiveCfg = Release|TwinCAT CE7 (ARMV7)
		{B8C9CF43-9C38-4F95-8805-850B5A3A497C}.Release|TwinCAT CE7 (ARMV7).Build.0 = Release|TwinCAT CE7 (ARMV7)
		{B8C9CF43-9C38-4F95-8805-850B5A3A497C}.Release|TwinCAT OS (ARMT2).ActiveCfg = Release|TwinCAT OS (ARMT2)
		{B8C9CF43-9C38-4F95-8805-850B5A3A497C}.Release|TwinCAT OS (ARMT2).Build.0 = Release|TwinCAT OS (ARMT2)
		{B8C9CF43-9C38-4F95-8805-850B5A3A497C}.Release|TwinCAT RT (x64).ActiveCfg = Release|TwinCAT RT (x64)
		{B8C9CF43-9C38-4F95-8805-850B5A3A497C}.Release|TwinCAT RT (x64).Build.0 = Release|TwinCAT RT (x64)
		{B8C9CF43-9C38-4F95-8805-850B5A3A497C}.Release|TwinCAT RT (x86).ActiveCfg = Release|TwinCAT RT (x86)
		{B8C9CF43-9C38-4F95-8805-850B5A3A497C}.Release|TwinCAT RT (x86).Build.0 = Release|TwinCAT RT (x86)
	EndGlobalSection
	GlobalSection(SolutionProperties) = preSolution
		HideSolutionNode = FALSE
	EndGlobalSection
	GlobalSection(ExtensibilityGlobals) = postSolution
		SolutionGuid = {01E4EB60-1A6C-4878-9AF7-78FACCBF1647}
	EndGlobalSection
EndGlobal
