
Microsoft Visual Studio Solution File, Format Version 12.00
# TcXaeShell Solution File, Format Version 11.00
VisualStudioVersion = 15.0.28010.2050
MinimumVisualStudioVersion = 10.0.40219.1
Project("{B1E792BE-AA5F-4E3C-8C82-674BF9C0715B}") = "Sample_ImageStatistics", "Sample_ImageStatistics\Sample_ImageStatistics.tsproj", "{82E0BD55-7073-4E56-82F0-30E549F9C479}"
EndProject
Global
	GlobalSection(SolutionConfigurationPlatforms) = preSolution
		Debug|TwinCAT CE7 (ARMV7) = Debug|TwinCAT CE7 (ARMV7)
		Debug|TwinCAT OS (ARMT2) = Debug|TwinCAT OS (ARMT2)
		Debug|TwinCAT RT (x64) = Debug|TwinCAT RT (x64)
		Debug|TwinCAT RT (x86) = Debug|TwinCAT RT (x86)
		Release|TwinCAT CE7 (ARMV7) = Release|TwinCAT CE7 (ARMV7)
		Release|TwinCAT OS (ARMT2) = Release|TwinCAT OS (ARMT2)
		Release|TwinCAT RT (x64) = Release|TwinCAT RT (x64)
		Release|TwinCAT RT (x86) = Release|TwinCAT RT (x86)
	EndGlobalSection
	GlobalSection(ProjectConfigurationPlatforms) = postSolution
		{82E0BD55-7073-4E56-82F0-30E549F9C479}.Debug|TwinCAT CE7 (ARMV7).ActiveCfg = Debug|TwinCAT CE7 (ARMV7)
		{82E0BD55-7073-4E56-82F0-30E549F9C479}.Debug|TwinCAT CE7 (ARMV7).Build.0 = Debug|TwinCAT CE7 (ARMV7)
		{82E0BD55-7073-4E56-82F0-30E549F9C479}.Debug|TwinCAT OS (ARMT2).ActiveCfg = Debug|TwinCAT OS (ARMT2)
		{82E0BD55-7073-4E56-82F0-30E549F9C479}.Debug|TwinCAT OS (ARMT2).Build.0 = Debug|TwinCAT OS (ARMT2)
		{82E0BD55-7073-4E56-82F0-30E549F9C479}.Debug|TwinCAT RT (x64).ActiveCfg = Debug|TwinCAT RT (x64)
		{82E0BD55-7073-4E56-82F0-30E549F9C479}.Debug|TwinCAT RT (x64).Build.0 = Debug|TwinCAT RT (x64)
		{82E0BD55-7073-4E56-82F0-30E549F9C479}.Debug|TwinCAT RT (x86).ActiveCfg = Debug|TwinCAT RT (x86)
		{82E0BD55-7073-4E56-82F0-30E549F9C479}.Debug|TwinCAT RT (x86).Build.0 = Debug|TwinCAT RT (x86)
		{82E0BD55-7073-4E56-82F0-30E549F9C479}.Release|TwinCAT CE7 (ARMV7).ActiveCfg = Release|TwinCAT CE7 (ARMV7)
		{82E0BD55-7073-4E56-82F0-30E549F9C479}.Release|TwinCAT CE7 (ARMV7).Build.0 = Release|TwinCAT CE7 (ARMV7)
		{82E0BD55-7073-4E56-82F0-30E549F9C479}.Release|TwinCAT OS (ARMT2).ActiveCfg = Release|TwinCAT OS (ARMT2)
		{82E0BD55-7073-4E56-82F0-30E549F9C479}.Release|TwinCAT OS (ARMT2).Build.0 = Release|TwinCAT OS (ARMT2)
		{82E0BD55-7073-4E56-82F0-30E549F9C479}.Release|TwinCAT RT (x64).ActiveCfg = Release|TwinCAT RT (x64)
		{82E0BD55-7073-4E56-82F0-30E549F9C479}.Release|TwinCAT RT (x64).Build.0 = Release|TwinCAT RT (x64)
		{82E0BD55-7073-4E56-82F0-30E549F9C479}.Release|TwinCAT RT (x86).ActiveCfg = Release|TwinCAT RT (x86)
		{82E0BD55-7073-4E56-82F0-30E549F9C479}.Release|TwinCAT RT (x86).Build.0 = Release|TwinCAT RT (x86)
		{BD2CE47E-A0BF-4BE1-B164-53169B8F82C1}.Debug|TwinCAT CE7 (ARMV7).ActiveCfg = Debug|TwinCAT CE7 (ARMV7)
		{BD2CE47E-A0BF-4BE1-B164-53169B8F82C1}.Debug|TwinCAT CE7 (ARMV7).Build.0 = Debug|TwinCAT CE7 (ARMV7)
		{BD2CE47E-A0BF-4BE1-B164-53169B8F82C1}.Debug|TwinCAT OS (ARMT2).ActiveCfg = Debug|TwinCAT OS (ARMT2)
		{BD2CE47E-A0BF-4BE1-B164-53169B8F82C1}.Debug|TwinCAT OS (ARMT2).Build.0 = Debug|TwinCAT OS (ARMT2)
		{BD2CE47E-A0BF-4BE1-B164-53169B8F82C1}.Debug|TwinCAT RT (x64).ActiveCfg = Debug|TwinCAT RT (x64)
		{BD2CE47E-A0BF-4BE1-B164-53169B8F82C1}.Debug|TwinCAT RT (x64).Build.0 = Debug|TwinCAT RT (x64)
		{BD2CE47E-A0BF-4BE1-B164-53169B8F82C1}.Debug|TwinCAT RT (x86).ActiveCfg = Debug|TwinCAT RT (x86)
		{BD2CE47E-A0BF-4BE1-B164-53169B8F82C1}.Debug|TwinCAT RT (x86).Build.0 = Debug|TwinCAT RT (x86)
		{BD2CE47E-A0BF-4BE1-B164-53169B8F82C1}.Release|TwinCAT CE7 (ARMV7).ActiveCfg = Release|TwinCAT CE7 (ARMV7)
		{BD2CE47E-A0BF-4BE1-B164-53169B8F82C1}.Release|TwinCAT CE7 (ARMV7).Build.0 = Release|TwinCAT CE7 (ARMV7)
		{BD2CE47E-A0BF-4BE1-B164-53169B8F82C1}.Release|TwinCAT OS (ARMT2).ActiveCfg = Release|TwinCAT OS (ARMT2)
		{BD2CE47E-A0BF-4BE1-B164-53169B8F82C1}.Release|TwinCAT OS (ARMT2).Build.0 = Release|TwinCAT OS (ARMT2)
		{BD2CE47E-A0BF-4BE1-B164-53169B8F82C1}.Release|TwinCAT RT (x64).ActiveCfg = Release|TwinCAT RT (x64)
		{BD2CE47E-A0BF-4BE1-B164-53169B8F82C1}.Release|TwinCAT RT (x64).Build.0 = Release|TwinCAT RT (x64)
		{BD2CE47E-A0BF-4BE1-B164-53169B8F82C1}.Release|TwinCAT RT (x86).ActiveCfg = Release|TwinCAT RT (x86)
		{BD2CE47E-A0BF-4BE1-B164-53169B8F82C1}.Release|TwinCAT RT (x86).Build.0 = Release|TwinCAT RT (x86)
	EndGlobalSection
	GlobalSection(SolutionProperties) = preSolution
		HideSolutionNode = FALSE
	EndGlobalSection
	GlobalSection(ExtensibilityGlobals) = postSolution
		SolutionGuid = {3A791A94-D0E3-46D8-A685-163AD6A53DBE}
	EndGlobalSection
EndGlobal
